{
  "name": "pi-extensions",
  "lockfileVersion": 3,
  "requires": true,
  "packages": {
    "": {
      "name": "pi-extensions",
      "dependencies": {
        "@ff-labs/pi-fff": "^0.10.1",
        "@narumitw/pi-usage": "^0.25.0",
        "pi-ask-user": "^0.13.0",
        "pi-btw": "^0.4.1",
        "pi-chrome": "^0.15.46",
        "pi-patty-bg-tasks": "^1.1.6",
        "pi-subagents": "^0.35.1",
        "pi-web-access": "^0.13.0"
      }
    },
    "node_modules/@ff-labs/fff-bin-android-arm64": {
      "version": "0.10.1",
      "resolved": "https://registry.npmjs.org/@ff-labs/fff-bin-android-arm64/-/fff-bin-android-arm64-0.10.1.tgz",
      "integrity": "sha512-6Bsaa6yKEd2HV1M2WtqSYhoZucKYffIUms6GYoPN48QHP8hZgO8GXJ85/JDxKlkCJsN2hw1ROiwQK0+xUHYhFQ==",
      "cpu": [
        "arm64"
      ],
      "license": "MIT",
      "optional": true,
      "os": [
        "android"
      ]
    },
    "node_modules/@ff-labs/fff-bin-darwin-arm64": {
      "version": "0.10.0",
      "resolved": "https://registry.npmjs.org/@ff-labs/fff-bin-darwin-arm64/-/fff-bin-darwin-arm64-0.10.0.tgz",
      "integrity": "sha512-czH/JVKXdzovByBowzHFI7E72V9usIx7uAWypRcN6KRkaTLL/xU7Eo2GF1NFAlaP3t1elQNMQj502NL/WyXdpw==",
      "cpu": [
        "arm64"
      ],
      "license": "MIT",
      "optional": true,
      "os": [
        "darwin"
      ]
    },
    "node_modules/@ff-labs/fff-bin-darwin-x64": {
      "version": "0.10.0",
      "resolved": "https://registry.npmjs.org/@ff-labs/fff-bin-darwin-x64/-/fff-bin-darwin-x64-0.10.0.tgz",
      "integrity": "sha512-eKGYWeuj8/dwdxv/qtxSiZusUpZ/rvdI8RGYGeCxJO9AQzFUNxmfXZMgtprCOKwIMwealC1S9dK9PugcSyMSKw==",
      "cpu": [
        "x64"
      ],
      "license": "MIT",
      "optional": true,
      "os": [
        "darwin"
      ]
    },
    "node_modules/@ff-labs/fff-bin-linux-arm64-gnu": {
      "version": "0.10.0",
      "resolved": "https://registry.npmjs.org/@ff-labs/fff-bin-linux-arm64-gnu/-/fff-bin-linux-arm64-gnu-0.10.0.tgz",
      "integrity": "sha512-ylhj2JLOHaBZPzfqyndh/gC7uyWcqglc287FawfkdgJEZ6u57X49v0wMo7OXMqBCCTi/IRkwe6XaTyWjOU87xg==",
      "cpu": [
        "arm64"
      ],
      "license": "MIT",
      "optional": true,
      "os": [
        "linux"
      ]
    },
    "node_modules/@ff-labs/fff-bin-linux-arm64-musl": {
      "version": "0.10.0",
      "resolved": "https://registry.npmjs.org/@ff-labs/fff-bin-linux-arm64-musl/-/fff-bin-linux-arm64-musl-0.10.0.tgz",
      "integrity": "sha512-CO2sSaRPRGKtJM9x3J+xEoZIiRbTUuFWnl093++i+ALlXOhMHetiFcFFBiyWTbKqlMfVPI1oxoxQPP86F5WBVg==",
      "cpu": [
        "arm64"
      ],
      "license": "MIT",
      "optional": true,
      "os": [
        "linux"
      ]
    },
    "node_modules/@ff-labs/fff-bin-linux-x64-gnu": {
      "version": "0.10.0",
      "resolved": "https://registry.npmjs.org/@ff-labs/fff-bin-linux-x64-gnu/-/fff-bin-linux-x64-gnu-0.10.0.tgz",
      "integrity": "sha512-XIz/n8jf4z5eQ7uhhbbZmIt5jdpTX3z/qRI4pRfxJe9KXm2sGdeB3PBcEtnFefLtbXkZ2BqKzIDrt+ylWE15Ag==",
      "cpu": [
        "x64"
      ],
      "license": "MIT",
      "optional": true,
      "os": [
        "linux"
      ]
    },
    "node_modules/@ff-labs/fff-bin-linux-x64-musl": {
      "version": "0.10.0",
      "resolved": "https://registry.npmjs.org/@ff-labs/fff-bin-linux-x64-musl/-/fff-bin-linux-x64-musl-0.10.0.tgz",
      "integrity": "sha512-QyFc6FNcj60O3pjbByWfVoMh0vAYTTuoRaJhRI3Xzd9IVwuE7buaHlc1y+1wGKwexV0qIN2uzDmoHKxzO1RXbQ==",
      "cpu": [
        "x64"
      ],
      "license": "MIT",
      "optional": true,
      "os": [
        "linux"
      ]
    },
    "node_modules/@ff-labs/fff-bin-win32-arm64": {
      "version": "0.10.0",
      "resolved": "https://registry.npmjs.org/@ff-labs/fff-bin-win32-arm64/-/fff-bin-win32-arm64-0.10.0.tgz",
      "integrity": "sha512-v34buW6+4kFFaOkCM5g63aeXjBkttVLLdswjCp/NiPovG/09OJzRW8WeI3y7W3aycF2nVrLG6FWGu516/9VVUw==",
      "cpu": [
        "arm64"
      ],
      "license": "MIT",
      "optional": true,
      "os": [
        "win32"
      ]
    },
    "node_modules/@ff-labs/fff-bin-win32-x64": {
      "version": "0.10.0",
      "resolved": "https://registry.npmjs.org/@ff-labs/fff-bin-win32-x64/-/fff-bin-win32-x64-0.10.0.tgz",
      "integrity": "sha512-VInNN1FxxIXLQnJQAch4dOll8oHFEkvzOp9tBnsK0wOGl0ML5Q0T2uc2KfmelSf0q55w1tTEObQYmQICMopdmg==",
      "cpu": [
        "x64"
      ],
      "license": "MIT",
      "optional": true,
      "os": [
        "win32"
      ]
    },
    "node_modules/@ff-labs/fff-bun": {
      "version": "0.10.1",
      "resolved": "https://registry.npmjs.org/@ff-labs/fff-bun/-/fff-bun-0.10.1.tgz",
      "integrity": "sha512-9oUCxypGbf2q3vNfKZ31wdzt5KqjhA9S6TwQaFol/j1lkSHVGvtIa3RvdGHPs1UUuvR/MO7b6pHj054BR9bXPQ==",
      "cpu": [
        "x64",
        "arm64"
      ],
      "license": "MIT",
      "os": [
        "darwin",
        "linux",
        "win32",
        "android"
      ],
      "engines": {
        "bun": ">=1.0.0"
      },
      "optionalDependencies": {
        "@ff-labs/fff-bin-android-arm64": "0.10.1",
        "@ff-labs/fff-bin-darwin-arm64": "0.10.1",
        "@ff-labs/fff-bin-darwin-x64": "0.10.1",
        "@ff-labs/fff-bin-linux-arm64-gnu": "0.10.1",
        "@ff-labs/fff-bin-linux-arm64-musl": "0.10.1",
        "@ff-labs/fff-bin-linux-x64-gnu": "0.10.1",
        "@ff-labs/fff-bin-linux-x64-musl": "0.10.1",
        "@ff-labs/fff-bin-win32-arm64": "0.10.1",
        "@ff-labs/fff-bin-win32-x64": "0.10.1"
      }
    },
    "node_modules/@ff-labs/fff-bun/node_modules/@ff-labs/fff-bin-darwin-arm64": {
      "version": "0.10.1",
      "resolved": "https://registry.npmjs.org/@ff-labs/fff-bin-darwin-arm64/-/fff-bin-darwin-arm64-0.10.1.tgz",
      "integrity": "sha512-7yUP+56sG3UTrLg7eepOD16yM2dgiD7g6Ase2XWQB7oXwLV7mBMylPKIli2pP3kHzfw9K+BS3WAwHKHJ2QhxYw==",
      "cpu": [
        "arm64"
      ],
      "license": "MIT",
      "optional": true,
      "os": [
        "darwin"
      ]
    },
    "node_modules/@ff-labs/fff-bun/node_modules/@ff-labs/fff-bin-darwin-x64": {
      "version": "0.10.1",
      "resolved": "https://registry.npmjs.org/@ff-labs/fff-bin-darwin-x64/-/fff-bin-darwin-x64-0.10.1.tgz",
      "integrity": "sha512-9zb+P1xtyqu/jVklm5RKF2zm9doRRsBNbkF/a8S4aSqSJoNlQR8ZF7C129fzOLfffVAjjgcO2l8oJgxOzHYiwQ==",
      "cpu": [
        "x64"
      ],
      "license": "MIT",
      "optional": true,
      "os": [
        "darwin"
      ]
    },
    "node_modules/@ff-labs/fff-bun/node_modules/@ff-labs/fff-bin-linux-arm64-gnu": {
      "version": "0.10.1",
      "resolved": "https://registry.npmjs.org/@ff-labs/fff-bin-linux-arm64-gnu/-/fff-bin-linux-arm64-gnu-0.10.1.tgz",
      "integrity": "sha512-KTwr9CUfCJv0vtG2xG+nMxDae/2NJY2/oVmtgSvTnH9baI6JprqsFGphbukx7mdW/QMPwBiYtoO8ZGoC7i92jA==",
      "cpu": [
        "arm64"
      ],
      "libc": [
        "glibc"
      ],
      "license": "MIT",
      "optional": true,
      "os": [
        "linux"
      ]
    },
    "node_modules/@ff-labs/fff-bun/node_modules/@ff-labs/fff-bin-linux-arm64-musl": {
      "version": "0.10.1",
      "resolved": "https://registry.npmjs.org/@ff-labs/fff-bin-linux-arm64-musl/-/fff-bin-linux-arm64-musl-0.10.1.tgz",
      "integrity": "sha512-oznmSpV+zjiAPiwqbA4y+SAsMaYvDhGllHiT9L4ebdQnSOfcQzlUwvo45OhBPwHBt47tIois4bkF/MITlDk54A==",
      "cpu": [
        "arm64"
      ],
      "libc": [
        "musl"
      ],
      "license": "MIT",
      "optional": true,
      "os": [
        "linux"
      ]
    },
    "node_modules/@ff-labs/fff-bun/node_modules/@ff-labs/fff-bin-linux-x64-gnu": {
      "version": "0.10.1",
      "resolved": "https://registry.npmjs.org/@ff-labs/fff-bin-linux-x64-gnu/-/fff-bin-linux-x64-gnu-0.10.1.tgz",
      "integrity": "sha512-KDpl8lwSEOauP/6FSJIvnARzE+ILm2rVIRQAio9dc5nn56EvlsryBWry0c5V0Tbw1PV0lNrZ+bzcIiPuTacvzw==",
      "cpu": [
        "x64"
      ],
      "libc": [
        "glibc"
      ],
      "license": "MIT",
      "optional": true,
      "os": [
        "linux"
      ]
    },
    "node_modules/@ff-labs/fff-bun/node_modules/@ff-labs/fff-bin-linux-x64-musl": {
      "version": "0.10.1",
      "resolved": "https://registry.npmjs.org/@ff-labs/fff-bin-linux-x64-musl/-/fff-bin-linux-x64-musl-0.10.1.tgz",
      "integrity": "sha512-mZCpojVtGNDr/wdCUEAHdfrl6qORvKHv3Pw35TaOdshnG4wocoA5bBKTGj/zmAU11o0GMK4V+wUhdNrgqoE10w==",
      "cpu": [
        "x64"
      ],
      "libc": [
        "musl"
      ],
      "license": "MIT",
      "optional": true,
      "os": [
        "linux"
      ]
    },
    "node_modules/@ff-labs/fff-bun/node_modules/@ff-labs/fff-bin-win32-arm64": {
      "version": "0.10.1",
      "resolved": "https://registry.npmjs.org/@ff-labs/fff-bin-win32-arm64/-/fff-bin-win32-arm64-0.10.1.tgz",
      "integrity": "sha512-SbT76ETXC5AgV9J8sVDozKG8wzrrxsOn8lbBprlOtx+O5V5EYmS1W7BlsatTHy6ddQ3uU5oOYO04PWZBuP6wXg==",
      "cpu": [
        "arm64"
      ],
      "license": "MIT",
      "optional": true,
      "os": [
        "win32"
      ]
    },
    "node_modules/@ff-labs/fff-bun/node_modules/@ff-labs/fff-bin-win32-x64": {
      "version": "0.10.1",
      "resolved": "https://registry.npmjs.org/@ff-labs/fff-bin-win32-x64/-/fff-bin-win32-x64-0.10.1.tgz",
      "integrity": "sha512-dcpHUCBEZoXKQCdKa3bADfgcNyeyfM8tatXrILqIFYi9GL8E4GnzKx1rGkgP5ukVtuj0WuoJyyqSvGjpJPIT8w==",
      "cpu": [
        "x64"
      ],
      "license": "MIT",
      "optional": true,
      "os": [
        "win32"
      ]
    },
    "node_modules/@ff-labs/fff-node": {
      "version": "0.10.0",
      "resolved": "https://registry.npmjs.org/@ff-labs/fff-node/-/fff-node-0.10.0.tgz",
      "integrity": "sha512-QqNcrg0sQU/iVix9QJiRfW/Unx12Eh2ZakUSbdSbCiWizs/NCvbI5yIm4tUCR1WwUIsWzuHrD8efaaeU4t8/zQ==",
      "cpu": [
        "x64",
        "arm64"
      ],
      "license": "MIT",
      "os": [
        "darwin",
        "linux",
        "win32"
      ],
      "dependencies": {
        "ffi-rs": "^1.0.0"
      },
      "engines": {
        "node": ">=18.0.0"
      },
      "optionalDependencies": {
        "@ff-labs/fff-bin-darwin-arm64": "0.10.0",
        "@ff-labs/fff-bin-darwin-x64": "0.10.0",
        "@ff-labs/fff-bin-linux-arm64-gnu": "0.10.0",
        "@ff-labs/fff-bin-linux-arm64-musl": "0.10.0",
        "@ff-labs/fff-bin-linux-x64-gnu": "0.10.0",
        "@ff-labs/fff-bin-linux-x64-musl": "0.10.0",
        "@ff-labs/fff-bin-win32-arm64": "0.10.0",
        "@ff-labs/fff-bin-win32-x64": "0.10.0"
      }
    },
    "node_modules/@ff-labs/pi-fff": {
      "version": "0.10.1",
      "resolved": "https://registry.npmjs.org/@ff-labs/pi-fff/-/pi-fff-0.10.1.tgz",
      "integrity": "sha512-yLVSn/vIscEAgX9BM7gxOY/VtITJmMpxWhGTTFBYQj2Sos7RpWJ/X4+eWHS5p813rNr7gm8HP/U3cMxssXmD4Q==",
      "license": "MIT",
      "dependencies": {
        "@ff-labs/fff-bun": "*",
        "@ff-labs/fff-node": "*"
      },
      "peerDependencies": {
        "@earendil-works/pi-coding-agent": "*",
        "@earendil-works/pi-tui": "*",
        "@sinclair/typebox": "*"
      }
    },
    "node_modules/@mixmark-io/domino": {
      "version": "2.2.0",
      "resolved": "https://registry.npmjs.org/@mixmark-io/domino/-/domino-2.2.0.tgz",
      "integrity": "sha512-Y28PR25bHXUg88kCV7nivXrP2Nj2RueZ3/l/jdx6J9f8J4nsEGcgX0Qe6lt7Pa+J79+kPiJU3LguR6O/6zrLOw==",
      "license": "BSD-2-Clause"
    },
    "node_modules/@mozilla/readability": {
      "version": "0.6.0",
      "resolved": "https://registry.npmjs.org/@mozilla/readability/-/readability-0.6.0.tgz",
      "integrity": "sha512-juG5VWh4qAivzTAeMzvY9xs9HY5rAcr2E4I7tiSSCokRFi7XIZCAu92ZkSTsIj1OPceCifL3cpfteP3pDT9/QQ==",
      "license": "Apache-2.0",
      "engines": {
        "node": ">=14.0.0"
      }
    },
    "node_modules/@narumitw/pi-usage": {
      "version": "0.25.0",
      "resolved": "https://registry.npmjs.org/@narumitw/pi-usage/-/pi-usage-0.25.0.tgz",
      "integrity": "sha512-5ySSsjvLAuBJG+8IbcyzFlOkTZDRw1NXEJCsHMRqsQIcQDODEpPVjIsCs5Li+B2eF/Clr9YGtcRIRrLdobGEuw==",
      "license": "MIT",
      "peerDependencies": {
        "@earendil-works/pi-coding-agent": ">=0.81.0"
      }
    },
    "node_modules/@yuuang/ffi-rs-android-arm64": {
      "version": "1.3.2",
      "resolved": "https://registry.npmjs.org/@yuuang/ffi-rs-android-arm64/-/ffi-rs-android-arm64-1.3.2.tgz",
      "integrity": "sha512-eDYLT0kVBkp7e2BwdRDmt6N1rkeDPUHDefk3ZX0/nok+GLsqfy1WBoSL3Yg7HVXN1EyW8OBVc2uK8Zq8HbmaSA==",
      "cpu": [
        "arm64"
      ],
      "license": "MIT",
      "optional": true,
      "os": [
        "android"
      ],
      "engines": {
        "node": ">= 12"
      }
    },
    "node_modules/@yuuang/ffi-rs-darwin-arm64": {
      "version": "1.3.2",
      "resolved": "https://registry.npmjs.org/@yuuang/ffi-rs-darwin-arm64/-/ffi-rs-darwin-arm64-1.3.2.tgz",
      "integrity": "sha512-kRdgPaOM6TfuC5wHUwstlatk4HNie2lwSLJWQL2LiAUIJ7+96CoiWUNVhwBcFrhdfxhnWenYS6F668CV0vit8Q==",
      "cpu": [
        "arm64"
      ],
      "license": "MIT",
      "optional": true,
      "os": [
        "darwin"
      ],
      "engines": {
        "node": ">= 12"
      }
    },
    "node_modules/@yuuang/ffi-rs-darwin-x64": {
      "version": "1.3.2",
      "resolved": "https://registry.npmjs.org/@yuuang/ffi-rs-darwin-x64/-/ffi-rs-darwin-x64-1.3.2.tgz",
      "integrity": "sha512-O3AlVgre8FQcZRJe44Xs7A6iDLumoPXqbw40+eJCa2gyXaXyLPdHoWrS1W9rBCa1QZRRnG7zRulPVFw8C5uo8g==",
      "cpu": [
        "x64"
      ],
      "license": "MIT",
      "optional": true,
      "os": [
        "darwin"
      ],
      "engines": {
        "node": ">= 12"
      }
    },
    "node_modules/@yuuang/ffi-rs-linux-arm-gnueabihf": {
      "version": "1.3.2",
      "resolved": "https://registry.npmjs.org/@yuuang/ffi-rs-linux-arm-gnueabihf/-/ffi-rs-linux-arm-gnueabihf-1.3.2.tgz",
      "integrity": "sha512-IXiNdTbIcTCPny5eeElijFWYeKSJjQWSjt9ZyJNdLHYiB1Np+XD6K7wNZS6EOMgMelhW1kQE62T654skGkVDIA==",
      "cpu": [
        "arm"
      ],
      "license": "MIT",
      "optional": true,
      "os": [
        "linux"
      ],
      "engines": {
        "node": ">= 12"
      }
    },
    "node_modules/@yuuang/ffi-rs-linux-arm64-gnu": {
      "version": "1.3.2",
      "resolved": "https://registry.npmjs.org/@yuuang/ffi-rs-linux-arm64-gnu/-/ffi-rs-linux-arm64-gnu-1.3.2.tgz",
      "integrity": "sha512-gWFO6xufUK9lPYUqDvKa6IR243dPqdetgl9Q7HrZWaDu7wLo06QQrosw8QTzndafQnOcBKm6LoLujmGCfTgJOA==",
      "cpu": [
        "arm64"
      ],
      "license": "MIT",
      "optional": true,
      "os": [
        "linux"
      ],
      "engines": {
        "node": ">= 12"
      }
    },
    "node_modules/@yuuang/ffi-rs-linux-arm64-musl": {
      "version": "1.3.2",
      "resolved": "https://registry.npmjs.org/@yuuang/ffi-rs-linux-arm64-musl/-/ffi-rs-linux-arm64-musl-1.3.2.tgz",
      "integrity": "sha512-lejvOSqypPziQH5rzfkDlJ6e92qhWbDutE9ttOO6z5I2k83zoh9iZhZWhaXSU5VqgQpcshRkrbtXb9gy1ft5dA==",
      "cpu": [
        "arm64"
      ],
      "license": "MIT",
      "optional": true,
      "os": [
        "linux"
      ],
      "engines": {
        "node": ">= 12"
      }
    },
    "node_modules/@yuuang/ffi-rs-linux-x64-gnu": {
      "version": "1.3.2",
      "resolved": "https://registry.npmjs.org/@yuuang/ffi-rs-linux-x64-gnu/-/ffi-rs-linux-x64-gnu-1.3.2.tgz",
      "integrity": "sha512-s8VCFazaJKmgY2hgMTpWk4TtBY/zy5ovbaGgwyY0FvBD0YvyhcET4IrMsDJpHhFVTPCYfKZ1dN45clD/YiFp6g==",
      "cpu": [
        "x64"
      ],
      "license": "MIT",
      "optional": true,
      "os": [
        "linux"
      ],
      "engines": {
        "node": ">= 12"
      }
    },
    "node_modules/@yuuang/ffi-rs-linux-x64-musl": {
      "version": "1.3.2",
      "resolved": "https://registry.npmjs.org/@yuuang/ffi-rs-linux-x64-musl/-/ffi-rs-linux-x64-musl-1.3.2.tgz",
      "integrity": "sha512-Ahr5chfKZKWUik20bEZRug+be57LZ2yYrtolyjSRoo7A4ZniBUHBZUNWm6TD6i0CJayqyxWeVk/XiaABD8bY0w==",
      "cpu": [
        "x64"
      ],
      "license": "MIT",
      "optional": true,
      "os": [
        "linux"
      ],
      "engines": {
        "node": ">= 12"
      }
    },
    "node_modules/@yuuang/ffi-rs-win32-arm64-msvc": {
      "version": "1.3.2",
      "resolved": "https://registry.npmjs.org/@yuuang/ffi-rs-win32-arm64-msvc/-/ffi-rs-win32-arm64-msvc-1.3.2.tgz",
      "integrity": "sha512-yhpLcj0qel5VNlpzxPZfNmi7+rEX8444QHjUP6WWLxdRfqPllROu/Cp3OpkBpw3BLdxfcDhWkjWMD5QsJN0Pvg==",
      "cpu": [
        "arm64"
      ],
      "license": "MIT",
      "optional": true,
      "os": [
        "win32"
      ],
      "engines": {
        "node": ">= 12"
      }
    },
    "node_modules/@yuuang/ffi-rs-win32-ia32-msvc": {
      "version": "1.3.2",
      "resolved": "https://registry.npmjs.org/@yuuang/ffi-rs-win32-ia32-msvc/-/ffi-rs-win32-ia32-msvc-1.3.2.tgz",
      "integrity": "sha512-BFVSbdtg/7mJBw5kQFOPKFiA+SF7z3240HpzHN81Umm4Bp4dWkyx0msYn8+Q7/BBJiLQ4F6bi3Nftk58YA9r9w==",
      "cpu": [
        "x64",
        "ia32"
      ],
      "license": "MIT",
      "optional": true,
      "os": [
        "win32"
      ],
      "engines": {
        "node": ">= 12"
      }
    },
    "node_modules/@yuuang/ffi-rs-win32-x64-msvc": {
      "version": "1.3.2",
      "resolved": "https://registry.npmjs.org/@yuuang/ffi-rs-win32-x64-msvc/-/ffi-rs-win32-x64-msvc-1.3.2.tgz",
      "integrity": "sha512-ZL5MJ76n2rjwGo26kCWW7wK6QT/cee00Rx8pfW79pz6vM6jqfhoE7zTnwFiw4aOQUes9+HUc5DeeJ3z+Vb9oLg==",
      "cpu": [
        "x64"
      ],
      "license": "MIT",
      "optional": true,
      "os": [
        "win32"
      ],
      "engines": {
        "node": ">= 12"
      }
    },
    "node_modules/boolbase": {
      "version": "1.0.0",
      "resolved": "https://registry.npmjs.org/boolbase/-/boolbase-1.0.0.tgz",
      "integrity": "sha512-JZOSA7Mo9sNGB8+UjSgzdLtokWAky1zbztM3WRLCbZ70/3cTANmQmOdR7y2g+J0e2WXywy1yS468tY+IruqEww==",
      "license": "ISC"
    },
    "node_modules/css-select": {
      "version": "5.2.2",
      "resolved": "https://registry.npmjs.org/css-select/-/css-select-5.2.2.tgz",
      "integrity": "sha512-TizTzUddG/xYLA3NXodFM0fSbNizXjOKhqiQQwvhlspadZokn1KDy0NZFS0wuEubIYAV5/c1/lAr0TaaFXEXzw==",
      "license": "BSD-2-Clause",
      "dependencies": {
        "boolbase": "^1.0.0",
        "css-what": "^6.1.0",
        "domhandler": "^5.0.2",
        "domutils": "^3.0.1",
        "nth-check": "^2.0.1"
      },
      "funding": {
        "url": "https://github.com/sponsors/fb55"
      }
    },
    "node_modules/css-what": {
      "version": "6.2.2",
      "resolved": "https://registry.npmjs.org/css-what/-/css-what-6.2.2.tgz",
      "integrity": "sha512-u/O3vwbptzhMs3L1fQE82ZSLHQQfto5gyZzwteVIEyeaY5Fc7R4dapF/BvRoSYFeqfBk4m0V1Vafq5Pjv25wvA==",
      "license": "BSD-2-Clause",
      "engines": {
        "node": ">= 6"
      },
      "funding": {
        "url": "https://github.com/sponsors/fb55"
      }
    },
    "node_modules/cssom": {
      "version": "0.5.0",
      "resolved": "https://registry.npmjs.org/cssom/-/cssom-0.5.0.tgz",
      "integrity": "sha512-iKuQcq+NdHqlAcwUY0o/HL69XQrUaQdMjmStJ8JFmUaiiQErlhrmuigkg/CU4E2J0IyUKUrMAgl36TvN67MqTw==",
      "license": "MIT"
    },
    "node_modules/dom-serializer": {
      "version": "2.0.0",
      "resolved": "https://registry.npmjs.org/dom-serializer/-/dom-serializer-2.0.0.tgz",
      "integrity": "sha512-wIkAryiqt/nV5EQKqQpo3SToSOV9J0DnbJqwK7Wv/Trc92zIAYZ4FlMu+JPFW1DfGFt81ZTCGgDEabffXeLyJg==",
      "license": "MIT",
      "dependencies": {
        "domelementtype": "^2.3.0",
        "domhandler": "^5.0.2",
        "entities": "^4.2.0"
      },
      "funding": {
        "url": "https://github.com/cheeriojs/dom-serializer?sponsor=1"
      }
    },
    "node_modules/domelementtype": {
      "version": "2.3.0",
      "resolved": "https://registry.npmjs.org/domelementtype/-/domelementtype-2.3.0.tgz",
      "integrity": "sha512-OLETBj6w0OsagBwdXnPdN0cnMfF9opN69co+7ZrbfPGrdpPVNBUj02spi6B1N7wChLQiPn4CSH/zJvXw56gmHw==",
      "funding": [
        {
          "type": "github",
          "url": "https://github.com/sponsors/fb55"
        }
      ],
      "license": "BSD-2-Clause"
    },
    "node_modules/domhandler": {
      "version": "5.0.3",
      "resolved": "https://registry.npmjs.org/domhandler/-/domhandler-5.0.3.tgz",
      "integrity": "sha512-cgwlv/1iFQiFnU96XXgROh8xTeetsnJiDsTc7TYCLFd9+/WNkIqPTxiM/8pSd8VIrhXGTf1Ny1q1hquVqDJB5w==",
      "license": "BSD-2-Clause",
      "dependencies": {
        "domelementtype": "^2.3.0"
      },
      "engines": {
        "node": ">= 4"
      },
      "funding": {
        "url": "https://github.com/fb55/domhandler?sponsor=1"
      }
    },
    "node_modules/domutils": {
      "version": "3.2.2",
      "resolved": "https://registry.npmjs.org/domutils/-/domutils-3.2.2.tgz",
      "integrity": "sha512-6kZKyUajlDuqlHKVX1w7gyslj9MPIXzIFiz/rGu35uC1wMi+kMhQwGhl4lt9unC9Vb9INnY9Z3/ZA3+FhASLaw==",
      "license": "BSD-2-Clause",
      "dependencies": {
        "dom-serializer": "^2.0.0",
        "domelementtype": "^2.3.0",
        "domhandler": "^5.0.3"
      },
      "funding": {
        "url": "https://github.com/fb55/domutils?sponsor=1"
      }
    },
    "node_modules/entities": {
      "version": "4.5.0",
      "resolved": "https://registry.npmjs.org/entities/-/entities-4.5.0.tgz",
      "integrity": "sha512-V0hjH4dGPh9Ao5p0MoRY6BVqtwCjhz6vI5LT8AJ55H+4g9/4vbHx1I54fS0XuclLhDHArPQCiMjDxjaL8fPxhw==",
      "license": "BSD-2-Clause",
      "engines": {
        "node": ">=0.12"
      },
      "funding": {
        "url": "https://github.com/fb55/entities?sponsor=1"
      }
    },
    "node_modules/ffi-rs": {
      "version": "1.3.2",
      "resolved": "https://registry.npmjs.org/ffi-rs/-/ffi-rs-1.3.2.tgz",
      "integrity": "sha512-4s8dX9VbBw/jd5NOuE3EJRqXaIVdjMyiumeeDzrOhtjQRwp6Bz2za7iksWXTnvTQKV/tTdm1s1w7mObe92zPjQ==",
      "license": "MIT",
      "optionalDependencies": {
        "@yuuang/ffi-rs-android-arm64": "1.3.2",
        "@yuuang/ffi-rs-darwin-arm64": "1.3.2",
        "@yuuang/ffi-rs-darwin-x64": "1.3.2",
        "@yuuang/ffi-rs-linux-arm-gnueabihf": "1.3.2",
        "@yuuang/ffi-rs-linux-arm64-gnu": "1.3.2",
        "@yuuang/ffi-rs-linux-arm64-musl": "1.3.2",
        "@yuuang/ffi-rs-linux-x64-gnu": "1.3.2",
        "@yuuang/ffi-rs-linux-x64-musl": "1.3.2",
        "@yuuang/ffi-rs-win32-arm64-msvc": "1.3.2",
        "@yuuang/ffi-rs-win32-ia32-msvc": "1.3.2",
        "@yuuang/ffi-rs-win32-x64-msvc": "1.3.2"
      }
    },
    "node_modules/html-escaper": {
      "version": "3.0.3",
      "resolved": "https://registry.npmjs.org/html-escaper/-/html-escaper-3.0.3.tgz",
      "integrity": "sha512-RuMffC89BOWQoY0WKGpIhn5gX3iI54O6nRA0yC124NYVtzjmFWBIiFd8M0x+ZdX0P9R4lADg1mgP8C7PxGOWuQ==",
      "license": "MIT"
    },
    "node_modules/htmlparser2": {
      "version": "9.1.0",
      "resolved": "https://registry.npmjs.org/htmlparser2/-/htmlparser2-9.1.0.tgz",
      "integrity": "sha512-5zfg6mHUoaer/97TxnGpxmbR7zJtPwIYFMZ/H5ucTlPZhKvtum05yiPK3Mgai3a0DyVxv7qYqoweaEd2nrYQzQ==",
      "funding": [
        "https://github.com/fb55/htmlparser2?sponsor=1",
        {
          "type": "github",
          "url": "https://github.com/sponsors/fb55"
        }
      ],
      "license": "MIT",
      "dependencies": {
        "domelementtype": "^2.3.0",
        "domhandler": "^5.0.3",
        "domutils": "^3.1.0",
        "entities": "^4.5.0"
      }
    },
    "node_modules/jiti": {
      "version": "2.7.0",
      "resolved": "https://registry.npmjs.org/jiti/-/jiti-2.7.0.tgz",
      "integrity": "sha512-AC/7JofJvZGrrneWNaEnJeOLUx+JlGt7tNa0wZiRPT4MY1wmfKjt2+6O2p2uz2+skll8OZZmJMNqeke7kKbNgQ==",
      "license": "MIT",
      "bin": {
        "jiti": "lib/jiti-cli.mjs"
      }
    },
    "node_modules/linkedom": {
      "version": "0.16.11",
      "resolved": "https://registry.npmjs.org/linkedom/-/linkedom-0.16.11.tgz",
      "integrity": "sha512-WgaTVbj7itjyXTsCvgerpneERXShcnNJF5VIV+/4SLtyRLN+HppPre/WDHRofAr2IpEuujSNgJbCBd5lMl6lRw==",
      "license": "ISC",
      "dependencies": {
        "css-select": "^5.1.0",
        "cssom": "^0.5.0",
        "html-escaper": "^3.0.3",
        "htmlparser2": "^9.1.0",
        "uhyphen": "^0.2.0"
      }
    },
    "node_modules/nth-check": {
      "version": "2.1.1",
      "resolved": "https://registry.npmjs.org/nth-check/-/nth-check-2.1.1.tgz",
      "integrity": "sha512-lqjrjmaOoAnWfMmBPL+XNnynZh2+swxiX3WUE0s4yEHI6m+AwrK2UZOimIRl3X/4QctVqS8AiZjFqyOGrMXb/w==",
      "license": "BSD-2-Clause",
      "dependencies": {
        "boolbase": "^1.0.0"
      },
      "funding": {
        "url": "https://github.com/fb55/nth-check?sponsor=1"
      }
    },
    "node_modules/p-limit": {
      "version": "6.2.0",
      "resolved": "https://registry.npmjs.org/p-limit/-/p-limit-6.2.0.tgz",
      "integrity": "sha512-kuUqqHNUqoIWp/c467RI4X6mmyuojY5jGutNU0wVTmEOOfcuwLqyMVoAi9MKi2Ak+5i9+nhmrK4ufZE8069kHA==",
      "license": "MIT",
      "dependencies": {
        "yocto-queue": "^1.1.1"
      },
      "engines": {
        "node": ">=18"
      },
      "funding": {
        "url": "https://github.com/sponsors/sindresorhus"
      }
    },
    "node_modules/pi-ask-user": {
      "version": "0.13.0",
      "resolved": "https://registry.npmjs.org/pi-ask-user/-/pi-ask-user-0.13.0.tgz",
      "integrity": "sha512-A8IpRX240T4EJryp1n/O/FVUXl/EGQpngq075hL4xerLUoejic/gIIwBz79lQEKwNE5/ZY5BPtgqQPv7Jx5Zzg==",
      "license": "MIT",
      "peerDependencies": {
        "@earendil-works/pi-coding-agent": ">=0.74.0",
        "@earendil-works/pi-tui": ">=0.74.0",
        "@sinclair/typebox": "*"
      }
    },
    "node_modules/pi-btw": {
      "version": "0.4.1",
      "resolved": "https://registry.npmjs.org/pi-btw/-/pi-btw-0.4.1.tgz",
      "integrity": "sha512-8W5O0Z4yD/teGszo1d5uk8xSQiPQTa+SI0FKv0V3ENggzGzFfL3wze8RTNUDTzN1eRtBhKRoTFgae86ddvy47g==",
      "license": "MIT",
      "peerDependencies": {
        "@earendil-works/pi-ai": ">=0.74.0 <1",
        "@earendil-works/pi-coding-agent": ">=0.74.0 <1",
        "@earendil-works/pi-tui": ">=0.74.0 <1"
      }
    },
    "node_modules/pi-chrome": {
      "version": "0.15.46",
      "resolved": "https://registry.npmjs.org/pi-chrome/-/pi-chrome-0.15.46.tgz",
      "integrity": "sha512-4ZG4h4F3OkAwb9Os2LAiMAFqCGdr6cgUZSna0d6L+cR8eUDvI537UMuqLrf4sepy7US5rk3W0dvqy19KGfK3IQ==",
      "license": "MIT",
      "peerDependencies": {
        "@earendil-works/pi-coding-agent": "*",
        "typebox": "*"
      },
      "peerDependenciesMeta": {
        "@earendil-works/pi-coding-agent": {
          "optional": true
        },
        "typebox": {
          "optional": true
        }
      }
    },
    "node_modules/pi-patty-bg-tasks": {
      "version": "1.1.6",
      "resolved": "https://registry.npmjs.org/pi-patty-bg-tasks/-/pi-patty-bg-tasks-1.1.6.tgz",
      "integrity": "sha512-RuYGIvkO6hqXqT1DUBRKMZuvMP4A90QubnzaCMl+iwZTeIYlHnAFeXbXG3zyVKObNPnnNZ1N7WY4VCKKrh/GUg==",
      "license": "MIT",
      "peerDependencies": {
        "@earendil-works/pi-agent-core": "*",
        "@earendil-works/pi-ai": "*",
        "@earendil-works/pi-coding-agent": "*"
      }
    },
    "node_modules/pi-subagents": {
      "version": "0.35.1",
      "resolved": "https://registry.npmjs.org/pi-subagents/-/pi-subagents-0.35.1.tgz",
      "integrity": "sha512-nIH6liO541FZ1RoeEu58Ligd59tiNw0/ODPgHh7uvx9Dk4UpWH08F84/l1+hXCzUgC85OCmyVtngWkZjcK94Cg==",
      "license": "MIT",
      "dependencies": {
        "jiti": "2.7.0",
        "yaml": "2.8.3"
      },
      "bin": {
        "pi-subagents": "install.mjs"
      },
      "peerDependencies": {
        "@earendil-works/pi-agent-core": "*",
        "@earendil-works/pi-ai": "*",
        "@earendil-works/pi-coding-agent": "*",
        "@earendil-works/pi-tui": "*",
        "typebox": "*"
      },
      "peerDependenciesMeta": {
        "@earendil-works/pi-agent-core": {
          "optional": true
        },
        "@earendil-works/pi-ai": {
          "optional": true
        },
        "@earendil-works/pi-coding-agent": {
          "optional": true
        },
        "@earendil-works/pi-tui": {
          "optional": true
        },
        "typebox": {
          "optional": true
        }
      }
    },
    "node_modules/pi-web-access": {
      "version": "0.13.0",
      "resolved": "https://registry.npmjs.org/pi-web-access/-/pi-web-access-0.13.0.tgz",
      "integrity": "sha512-ny0bHisMWdobmu1hcMp/jqjaRh6pYrH7dctBK2CVyRF4ia7bP47RnOPYdG1yiks9ohtcanWir5Hl9EFap8h0zQ==",
      "license": "MIT",
      "dependencies": {
        "@mozilla/readability": "^0.6.0",
        "linkedom": "^0.16.0",
        "p-limit": "^6.1.0",
        "turndown": "^7.2.0",
        "unpdf": "^1.6.2"
      },
      "peerDependencies": {
        "@earendil-works/pi-ai": "*",
        "@earendil-works/pi-coding-agent": "*",
        "@earendil-works/pi-tui": "*",
        "typebox": "*"
      }
    },
    "node_modules/turndown": {
      "version": "7.2.4",
      "resolved": "https://registry.npmjs.org/turndown/-/turndown-7.2.4.tgz",
      "integrity": "sha512-I8yFsfRzmzK0WV1pNNOA4A7y4RDfFxPRxb3t+e3ui14qSGOxGtiSP6GjeX+Y6CHb7HYaFj7ECUD7VE5kQMZWGQ==",
      "license": "MIT",
      "dependencies": {
        "@mixmark-io/domino": "^2.2.0"
      },
      "engines": {
        "node": ">=18",
        "npm": ">=9"
      }
    },
    "node_modules/uhyphen": {
      "version": "0.2.0",
      "resolved": "https://registry.npmjs.org/uhyphen/-/uhyphen-0.2.0.tgz",
      "integrity": "sha512-qz3o9CHXmJJPGBdqzab7qAYuW8kQGKNEuoHFYrBwV6hWIMcpAmxDLXojcHfFr9US1Pe6zUswEIJIbLI610fuqA==",
      "license": "ISC"
    },
    "node_modules/unpdf": {
      "version": "1.6.2",
      "resolved": "https://registry.npmjs.org/unpdf/-/unpdf-1.6.2.tgz",
      "integrity": "sha512-zQ80ySoPuPHOsvIoRp/nJyQt8TOUoTh1+WBCGcBvlddQNgKDLRwm0AY3x8Q35I7+kIiRSgqMx+Ma2pl9McIp7A==",
      "license": "MIT",
      "peerDependencies": {
        "@napi-rs/canvas": "^0.1.69"
      },
      "peerDependenciesMeta": {
        "@napi-rs/canvas": {
          "optional": true
        }
      }
    },
    "node_modules/yaml": {
      "version": "2.8.3",
      "resolved": "https://registry.npmjs.org/yaml/-/yaml-2.8.3.tgz",
      "integrity": "sha512-AvbaCLOO2Otw/lW5bmh9d/WEdcDFdQp2Z2ZUH3pX9U2ihyUY0nvLv7J6TrWowklRGPYbB/IuIMfYgxaCPg5Bpg==",
      "license": "ISC",
      "bin": {
        "yaml": "bin.mjs"
      },
      "engines": {
        "node": ">= 14.6"
      },
      "funding": {
        "url": "https://github.com/sponsors/eemeli"
      }
    },
    "node_modules/yocto-queue": {
      "version": "1.2.2",
      "resolved": "https://registry.npmjs.org/yocto-queue/-/yocto-queue-1.2.2.tgz",
      "integrity": "sha512-4LCcse/U2MHZ63HAJVE+v71o7yOdIe4cZ70Wpf8D/IyjDKYQLV5GD46B+hSTjJsvV5PztjvHoU580EftxjDZFQ==",
      "license": "MIT",
      "engines": {
        "node": ">=12.20"
      },
      "funding": {
        "url": "https://github.com/sponsors/sindresorhus"
      }
    }
  }
}
